
Microsoft Visual Studio Solution File, Format Version 12.00
# Visual Studio 15
VisualStudioVersion = 15.0.28307.572
MinimumVisualStudioVersion = 10.0.40219.1
Project("{FAE04EC0-301F-11D3-BF4B-00C04F79EFBC}") = "AttachedCommandsWpf", "AttachedCommandsWpf\AttachedCommandsWpf.csproj", "{067F4BED-95B5-476B-B0D3-465C3B3610D8}"
EndProject
Global
	GlobalSection(SolutionConfigurationPlatforms) = preSolution
		Debug|Any CPU = Debug|Any CPU
		Release|Any CPU = Release|Any CPU
	EndGlobalSection
	GlobalSection(ProjectConfigurationPlatforms) = postSolution
		{067F4BED-95B5-476B-B0D3-465C3B3610D8}.Debug|Any CPU.ActiveCfg = Debug|Any CPU
		{067F4BED-95B5-476B-B0D3-465C3B3610D8}.Debug|Any CPU.Build.0 = Debug|Any CPU
		{067F4BED-95B5-476B-B0D3-465C3B3610D8}.Release|Any CPU.ActiveCfg = Release|Any CPU
		{067F4BED-95B5-476B-B0D3-465C3B3610D8}.Release|Any CPU.Build.0 = Release|Any CPU
	EndGlobalSection
	GlobalSection(SolutionProperties) = preSolution
		HideSolutionNode = FALSE
	EndGlobalSection
	GlobalSection(ExtensibilityGlobals) = postSolution
		SolutionGuid = {BC0EE74F-5091-4F20-99FB-FEF0B371ABF4}
	EndGlobalSection
EndGlobal
