
Microsoft Visual Studio Solution File, Format Version 12.00
# Visual Studio 15
VisualStudioVersion = 15.0.26228.9
MinimumVisualStudioVersion = 10.0.40219.1
Project("{9A19103F-16F7-4668-BE54-9A1E7A4F7556}") = "Sample1", "Sample1\Sample1.csproj", "{4552C67F-EC4B-47E1-B48D-D5A282617F21}"
EndProject
Project("{FAE04EC0-301F-11D3-BF4B-00C04F79EFBC}") = "Sample1.Android", "Sample1.Android\Sample1.Android.csproj", "{E47BF937-935A-4659-853B-27A2FD4400C1}"
EndProject
Project("{FAE04EC0-301F-11D3-BF4B-00C04F79EFBC}") = "Sample1.Uwp", "Sample1.Uwp\Sample1.Uwp.csproj", "{6C806ED1-83DC-4B1B-B11F-F4CA987F4618}"
EndProject
Project("{FAE04EC0-301F-11D3-BF4B-00C04F79EFBC}") = "Sample1.Wpf", "Sample1.Wpf\Sample1.Wpf.csproj", "{14438B30-46E4-4AA4-B9F6-1B0368FEDDD2}"
EndProject
Global
	GlobalSection(SolutionConfigurationPlatforms) = preSolution
		Debug|Any CPU = Debug|Any CPU
		Debug|ARM = Debug|ARM
		Debug|x64 = Debug|x64
		Debug|x86 = Debug|x86
		Release|Any CPU = Release|Any CPU
		Release|ARM = Release|ARM
		Release|x64 = Release|x64
		Release|x86 = Release|x86
	EndGlobalSection
	GlobalSection(ProjectConfigurationPlatforms) = postSolution
		{4552C67F-EC4B-47E1-B48D-D5A282617F21}.Debug|Any CPU.ActiveCfg = Debug|Any CPU
		{4552C67F-EC4B-47E1-B48D-D5A282617F21}.Debug|Any CPU.Build.0 = Debug|Any CPU
		{4552C67F-EC4B-47E1-B48D-D5A282617F21}.Debug|ARM.ActiveCfg = Debug|Any CPU
		{4552C67F-EC4B-47E1-B48D-D5A282617F21}.Debug|ARM.Build.0 = Debug|Any CPU
		{4552C67F-EC4B-47E1-B48D-D5A282617F21}.Debug|x64.ActiveCfg = Debug|Any CPU
		{4552C67F-EC4B-47E1-B48D-D5A282617F21}.Debug|x64.Build.0 = Debug|Any CPU
		{4552C67F-EC4B-47E1-B48D-D5A282617F21}.Debug|x86.ActiveCfg = Debug|Any CPU
		{4552C67F-EC4B-47E1-B48D-D5A282617F21}.Debug|x86.Build.0 = Debug|Any CPU
		{4552C67F-EC4B-47E1-B48D-D5A282617F21}.Release|Any CPU.ActiveCfg = Release|Any CPU
		{4552C67F-EC4B-47E1-B48D-D5A282617F21}.Release|Any CPU.Build.0 = Release|Any CPU
		{4552C67F-EC4B-47E1-B48D-D5A282617F21}.Release|ARM.ActiveCfg = Release|Any CPU
		{4552C67F-EC4B-47E1-B48D-D5A282617F21}.Release|ARM.Build.0 = Release|Any CPU
		{4552C67F-EC4B-47E1-B48D-D5A282617F21}.Release|x64.ActiveCfg = Release|Any CPU
		{4552C67F-EC4B-47E1-B48D-D5A282617F21}.Release|x64.Build.0 = Release|Any CPU
		{4552C67F-EC4B-47E1-B48D-D5A282617F21}.Release|x86.ActiveCfg = Release|Any CPU
		{4552C67F-EC4B-47E1-B48D-D5A282617F21}.Release|x86.Build.0 = Release|Any CPU
		{E47BF937-935A-4659-853B-27A2FD4400C1}.Debug|Any CPU.ActiveCfg = Debug|Any CPU
		{E47BF937-935A-4659-853B-27A2FD4400C1}.Debug|Any CPU.Build.0 = Debug|Any CPU
		{E47BF937-935A-4659-853B-27A2FD4400C1}.Debug|Any CPU.Deploy.0 = Debug|Any CPU
		{E47BF937-935A-4659-853B-27A2FD4400C1}.Debug|ARM.ActiveCfg = Debug|Any CPU
		{E47BF937-935A-4659-853B-27A2FD4400C1}.Debug|ARM.Build.0 = Debug|Any CPU
		{E47BF937-935A-4659-853B-27A2FD4400C1}.Debug|ARM.Deploy.0 = Debug|Any CPU
		{E47BF937-935A-4659-853B-27A2FD4400C1}.Debug|x64.ActiveCfg = Debug|Any CPU
		{E47BF937-935A-4659-853B-27A2FD4400C1}.Debug|x64.Build.0 = Debug|Any CPU
		{E47BF937-935A-4659-853B-27A2FD4400C1}.Debug|x64.Deploy.0 = Debug|Any CPU
		{E47BF937-935A-4659-853B-27A2FD4400C1}.Debug|x86.ActiveCfg = Debug|Any CPU
		{E47BF937-935A-4659-853B-27A2FD4400C1}.Debug|x86.Build.0 = Debug|Any CPU
		{E47BF937-935A-4659-853B-27A2FD4400C1}.Debug|x86.Deploy.0 = Debug|Any CPU
		{E47BF937-935A-4659-853B-27A2FD4400C1}.Release|Any CPU.ActiveCfg = Release|Any CPU
		{E47BF937-935A-4659-853B-27A2FD4400C1}.Release|Any CPU.Build.0 = Release|Any CPU
		{E47BF937-935A-4659-853B-27A2FD4400C1}.Release|Any CPU.Deploy.0 = Release|Any CPU
		{E47BF937-935A-4659-853B-27A2FD4400C1}.Release|ARM.ActiveCfg = Release|Any CPU
		{E47BF937-935A-4659-853B-27A2FD4400C1}.Release|ARM.Build.0 = Release|Any CPU
		{E47BF937-935A-4659-853B-27A2FD4400C1}.Release|ARM.Deploy.0 = Release|Any CPU
		{E47BF937-935A-4659-853B-27A2FD4400C1}.Release|x64.ActiveCfg = Release|Any CPU
		{E47BF937-935A-4659-853B-27A2FD4400C1}.Release|x64.Build.0 = Release|Any CPU
		{E47BF937-935A-4659-853B-27A2FD4400C1}.Release|x64.Deploy.0 = Release|Any CPU
		{E47BF937-935A-4659-853B-27A2FD4400C1}.Release|x86.ActiveCfg = Release|Any CPU
		{E47BF937-935A-4659-853B-27A2FD4400C1}.Release|x86.Build.0 = Release|Any CPU
		{E47BF937-935A-4659-853B-27A2FD4400C1}.Release|x86.Deploy.0 = Release|Any CPU
		{6C806ED1-83DC-4B1B-B11F-F4CA987F4618}.Debug|Any CPU.ActiveCfg = Debug|x86
		{6C806ED1-83DC-4B1B-B11F-F4CA987F4618}.Debug|Any CPU.Build.0 = Debug|x86
		{6C806ED1-83DC-4B1B-B11F-F4CA987F4618}.Debug|Any CPU.Deploy.0 = Debug|x86
		{6C806ED1-83DC-4B1B-B11F-F4CA987F4618}.Debug|ARM.ActiveCfg = Debug|ARM
		{6C806ED1-83DC-4B1B-B11F-F4CA987F4618}.Debug|ARM.Build.0 = Debug|ARM
		{6C806ED1-83DC-4B1B-B11F-F4CA987F4618}.Debug|ARM.Deploy.0 = Debug|ARM
		{6C806ED1-83DC-4B1B-B11F-F4CA987F4618}.Debug|x64.ActiveCfg = Debug|x64
		{6C806ED1-83DC-4B1B-B11F-F4CA987F4618}.Debug|x64.Build.0 = Debug|x64
		{6C806ED1-83DC-4B1B-B11F-F4CA987F4618}.Debug|x64.Deploy.0 = Debug|x64
		{6C806ED1-83DC-4B1B-B11F-F4CA987F4618}.Debug|x86.ActiveCfg = Debug|x86
		{6C806ED1-83DC-4B1B-B11F-F4CA987F4618}.Debug|x86.Build.0 = Debug|x86
		{6C806ED1-83DC-4B1B-B11F-F4CA987F4618}.Debug|x86.Deploy.0 = Debug|x86
		{6C806ED1-83DC-4B1B-B11F-F4CA987F4618}.Release|Any CPU.ActiveCfg = Release|x86
		{6C806ED1-83DC-4B1B-B11F-F4CA987F4618}.Release|ARM.ActiveCfg = Release|ARM
		{6C806ED1-83DC-4B1B-B11F-F4CA987F4618}.Release|ARM.Build.0 = Release|ARM
		{6C806ED1-83DC-4B1B-B11F-F4CA987F4618}.Release|ARM.Deploy.0 = Release|ARM
		{6C806ED1-83DC-4B1B-B11F-F4CA987F4618}.Release|x64.ActiveCfg = Release|x64
		{6C806ED1-83DC-4B1B-B11F-F4CA987F4618}.Release|x64.Build.0 = Release|x64
		{6C806ED1-83DC-4B1B-B11F-F4CA987F4618}.Release|x64.Deploy.0 = Release|x64
		{6C806ED1-83DC-4B1B-B11F-F4CA987F4618}.Release|x86.ActiveCfg = Release|x86
		{6C806ED1-83DC-4B1B-B11F-F4CA987F4618}.Release|x86.Build.0 = Release|x86
		{6C806ED1-83DC-4B1B-B11F-F4CA987F4618}.Release|x86.Deploy.0 = Release|x86
		{14438B30-46E4-4AA4-B9F6-1B0368FEDDD2}.Debug|Any CPU.ActiveCfg = Debug|Any CPU
		{14438B30-46E4-4AA4-B9F6-1B0368FEDDD2}.Debug|Any CPU.Build.0 = Debug|Any CPU
		{14438B30-46E4-4AA4-B9F6-1B0368FEDDD2}.Debug|ARM.ActiveCfg = Debug|Any CPU
		{14438B30-46E4-4AA4-B9F6-1B0368FEDDD2}.Debug|ARM.Build.0 = Debug|Any CPU
		{14438B30-46E4-4AA4-B9F6-1B0368FEDDD2}.Debug|x64.ActiveCfg = Debug|Any CPU
		{14438B30-46E4-4AA4-B9F6-1B0368FEDDD2}.Debug|x64.Build.0 = Debug|Any CPU
		{14438B30-46E4-4AA4-B9F6-1B0368FEDDD2}.Debug|x86.ActiveCfg = Debug|Any CPU
		{14438B30-46E4-4AA4-B9F6-1B0368FEDDD2}.Debug|x86.Build.0 = Debug|Any CPU
		{14438B30-46E4-4AA4-B9F6-1B0368FEDDD2}.Release|Any CPU.ActiveCfg = Release|Any CPU
		{14438B30-46E4-4AA4-B9F6-1B0368FEDDD2}.Release|Any CPU.Build.0 = Release|Any CPU
		{14438B30-46E4-4AA4-B9F6-1B0368FEDDD2}.Release|ARM.ActiveCfg = Release|Any CPU
		{14438B30-46E4-4AA4-B9F6-1B0368FEDDD2}.Release|ARM.Build.0 = Release|Any CPU
		{14438B30-46E4-4AA4-B9F6-1B0368FEDDD2}.Release|x64.ActiveCfg = Release|Any CPU
		{14438B30-46E4-4AA4-B9F6-1B0368FEDDD2}.Release|x64.Build.0 = Release|Any CPU
		{14438B30-46E4-4AA4-B9F6-1B0368FEDDD2}.Release|x86.ActiveCfg = Release|Any CPU
		{14438B30-46E4-4AA4-B9F6-1B0368FEDDD2}.Release|x86.Build.0 = Release|Any CPU
	EndGlobalSection
	GlobalSection(SolutionProperties) = preSolution
		HideSolutionNode = FALSE
	EndGlobalSection
EndGlobal
