
Microsoft Visual Studio Solution File, Format Version 12.00
# Visual Studio 15
VisualStudioVersion = 15.0.26730.16
MinimumVisualStudioVersion = 10.0.40219.1
Project("{9A19103F-16F7-4668-BE54-9A1E7A4F7556}") = "Sample1", "Sample1\Sample1.csproj", "{4552C67F-EC4B-47E1-B48D-D5A282617F21}"
EndProject
Project("{FAE04EC0-301F-11D3-BF4B-00C04F79EFBC}") = "Sample1.Android", "Sample1.Android\Sample1.Android.csproj", "{E47BF937-935A-4659-853B-27A2FD4400C1}"
EndProject
Project("{FAE04EC0-301F-11D3-BF4B-00C04F79EFBC}") = "Sample1.Uwp", "Sample1.Uwp\Sample1.Uwp.csproj", "{6C806ED1-83DC-4B1B-B11F-F4CA987F4618}"
EndProject
Project("{FAE04EC0-301F-11D3-BF4B-00C04F79EFBC}") = "Sample1.Wpf", "Sample1.Wpf\Sample1.Wpf.csproj", "{14438B30-46E4-4AA4-B9F6-1B0368FEDDD2}"
EndProject
Global
	GlobalSection(SolutionConfigurationPlatforms) = preSolution
		Ad-Hoc|Any CPU = Ad-Hoc|Any CPU
		Ad-Hoc|ARM = Ad-Hoc|ARM
		Ad-Hoc|iPhone = Ad-Hoc|iPhone
		Ad-Hoc|iPhoneSimulator = Ad-Hoc|iPhoneSimulator
		Ad-Hoc|x64 = Ad-Hoc|x64
		Ad-Hoc|x86 = Ad-Hoc|x86
		AppStore|Any CPU = AppStore|Any CPU
		AppStore|ARM = AppStore|ARM
		AppStore|iPhone = AppStore|iPhone
		AppStore|iPhoneSimulator = AppStore|iPhoneSimulator
		AppStore|x64 = AppStore|x64
		AppStore|x86 = AppStore|x86
		Debug|Any CPU = Debug|Any CPU
		Debug|ARM = Debug|ARM
		Debug|iPhone = Debug|iPhone
		Debug|iPhoneSimulator = Debug|iPhoneSimulator
		Debug|x64 = Debug|x64
		Debug|x86 = Debug|x86
		Release|Any CPU = Release|Any CPU
		Release|ARM = Release|ARM
		Release|iPhone = Release|iPhone
		Release|iPhoneSimulator = Release|iPhoneSimulator
		Release|x64 = Release|x64
		Release|x86 = Release|x86
	EndGlobalSection
	GlobalSection(ProjectConfigurationPlatforms) = postSolution
		{4552C67F-EC4B-47E1-B48D-D5A282617F21}.Ad-Hoc|Any CPU.ActiveCfg = Release|Any CPU
		{4552C67F-EC4B-47E1-B48D-D5A282617F21}.Ad-Hoc|Any CPU.Build.0 = Release|Any CPU
		{4552C67F-EC4B-47E1-B48D-D5A282617F21}.Ad-Hoc|ARM.ActiveCfg = Release|Any CPU
		{4552C67F-EC4B-47E1-B48D-D5A282617F21}.Ad-Hoc|ARM.Build.0 = Release|Any CPU
		{4552C67F-EC4B-47E1-B48D-D5A282617F21}.Ad-Hoc|iPhone.ActiveCfg = Release|Any CPU
		{4552C67F-EC4B-47E1-B48D-D5A282617F21}.Ad-Hoc|iPhone.Build.0 = Release|Any CPU
		{4552C67F-EC4B-47E1-B48D-D5A282617F21}.Ad-Hoc|iPhoneSimulator.ActiveCfg = Release|Any CPU
		{4552C67F-EC4B-47E1-B48D-D5A282617F21}.Ad-Hoc|iPhoneSimulator.Build.0 = Release|Any CPU
		{4552C67F-EC4B-47E1-B48D-D5A282617F21}.Ad-Hoc|x64.ActiveCfg = Release|Any CPU
		{4552C67F-EC4B-47E1-B48D-D5A282617F21}.Ad-Hoc|x64.Build.0 = Release|Any CPU
		{4552C67F-EC4B-47E1-B48D-D5A282617F21}.Ad-Hoc|x86.ActiveCfg = Release|Any CPU
		{4552C67F-EC4B-47E1-B48D-D5A282617F21}.Ad-Hoc|x86.Build.0 = Release|Any CPU
		{4552C67F-EC4B-47E1-B48D-D5A282617F21}.AppStore|Any CPU.ActiveCfg = Release|Any CPU
		{4552C67F-EC4B-47E1-B48D-D5A282617F21}.AppStore|Any CPU.Build.0 = Release|Any CPU
		{4552C67F-EC4B-47E1-B48D-D5A282617F21}.AppStore|ARM.ActiveCfg = Release|Any CPU
		{4552C67F-EC4B-47E1-B48D-D5A282617F21}.AppStore|ARM.Build.0 = Release|Any CPU
		{4552C67F-EC4B-47E1-B48D-D5A282617F21}.AppStore|iPhone.ActiveCfg = Release|Any CPU
		{4552C67F-EC4B-47E1-B48D-D5A282617F21}.AppStore|iPhone.Build.0 = Release|Any CPU
		{4552C67F-EC4B-47E1-B48D-D5A282617F21}.AppStore|iPhoneSimulator.ActiveCfg = Release|Any CPU
		{4552C67F-EC4B-47E1-B48D-D5A282617F21}.AppStore|iPhoneSimulator.Build.0 = Release|Any CPU
		{4552C67F-EC4B-47E1-B48D-D5A282617F21}.AppStore|x64.ActiveCfg = Release|Any CPU
		{4552C67F-EC4B-47E1-B48D-D5A282617F21}.AppStore|x64.Build.0 = Release|Any CPU
		{4552C67F-EC4B-47E1-B48D-D5A282617F21}.AppStore|x86.ActiveCfg = Release|Any CPU
		{4552C67F-EC4B-47E1-B48D-D5A282617F21}.AppStore|x86.Build.0 = Release|Any CPU
		{4552C67F-EC4B-47E1-B48D-D5A282617F21}.Debug|Any CPU.ActiveCfg = Debug|Any CPU
		{4552C67F-EC4B-47E1-B48D-D5A282617F21}.Debug|Any CPU.Build.0 = Debug|Any CPU
		{4552C67F-EC4B-47E1-B48D-D5A282617F21}.Debug|ARM.ActiveCfg = Debug|Any CPU
		{4552C67F-EC4B-47E1-B48D-D5A282617F21}.Debug|ARM.Build.0 = Debug|Any CPU
		{4552C67F-EC4B-47E1-B48D-D5A282617F21}.Debug|iPhone.ActiveCfg = Debug|Any CPU
		{4552C67F-EC4B-47E1-B48D-D5A282617F21}.Debug|iPhone.Build.0 = Debug|Any CPU
		{4552C67F-EC4B-47E1-B48D-D5A282617F21}.Debug|iPhoneSimulator.ActiveCfg = Debug|Any CPU
		{4552C67F-EC4B-47E1-B48D-D5A282617F21}.Debug|iPhoneSimulator.Build.0 = Debug|Any CPU
		{4552C67F-EC4B-47E1-B48D-D5A282617F21}.Debug|x64.ActiveCfg = Debug|Any CPU
		{4552C67F-EC4B-47E1-B48D-D5A282617F21}.Debug|x64.Build.0 = Debug|Any CPU
		{4552C67F-EC4B-47E1-B48D-D5A282617F21}.Debug|x86.ActiveCfg = Debug|Any CPU
		{4552C67F-EC4B-47E1-B48D-D5A282617F21}.Debug|x86.Build.0 = Debug|Any CPU
		{4552C67F-EC4B-47E1-B48D-D5A282617F21}.Release|Any CPU.ActiveCfg = Release|Any CPU
		{4552C67F-EC4B-47E1-B48D-D5A282617F21}.Release|Any CPU.Build.0 = Release|Any CPU
		{4552C67F-EC4B-47E1-B48D-D5A282617F21}.Release|ARM.ActiveCfg = Release|Any CPU
		{4552C67F-EC4B-47E1-B48D-D5A282617F21}.Release|ARM.Build.0 = Release|Any CPU
		{4552C67F-EC4B-47E1-B48D-D5A282617F21}.Release|iPhone.ActiveCfg = Release|Any CPU
		{4552C67F-EC4B-47E1-B48D-D5A282617F21}.Release|iPhone.Build.0 = Release|Any CPU
		{4552C67F-EC4B-47E1-B48D-D5A282617F21}.Release|iPhoneSimulator.ActiveCfg = Release|Any CPU
		{4552C67F-EC4B-47E1-B48D-D5A282617F21}.Release|iPhoneSimulator.Build.0 = Release|Any CPU
		{4552C67F-EC4B-47E1-B48D-D5A282617F21}.Release|x64.ActiveCfg = Release|Any CPU
		{4552C67F-EC4B-47E1-B48D-D5A282617F21}.Release|x64.Build.0 = Release|Any CPU
		{4552C67F-EC4B-47E1-B48D-D5A282617F21}.Release|x86.ActiveCfg = Release|Any CPU
		{4552C67F-EC4B-47E1-B48D-D5A282617F21}.Release|x86.Build.0 = Release|Any CPU
		{E47BF937-935A-4659-853B-27A2FD4400C1}.Ad-Hoc|Any CPU.ActiveCfg = Release|Any CPU
		{E47BF937-935A-4659-853B-27A2FD4400C1}.Ad-Hoc|Any CPU.Build.0 = Release|Any CPU
		{E47BF937-935A-4659-853B-27A2FD4400C1}.Ad-Hoc|Any CPU.Deploy.0 = Release|Any CPU
		{E47BF937-935A-4659-853B-27A2FD4400C1}.Ad-Hoc|ARM.ActiveCfg = Release|Any CPU
		{E47BF937-935A-4659-853B-27A2FD4400C1}.Ad-Hoc|ARM.Build.0 = Release|Any CPU
		{E47BF937-935A-4659-853B-27A2FD4400C1}.Ad-Hoc|ARM.Deploy.0 = Release|Any CPU
		{E47BF937-935A-4659-853B-27A2FD4400C1}.Ad-Hoc|iPhone.ActiveCfg = Release|Any CPU
		{E47BF937-935A-4659-853B-27A2FD4400C1}.Ad-Hoc|iPhone.Build.0 = Release|Any CPU
		{E47BF937-935A-4659-853B-27A2FD4400C1}.Ad-Hoc|iPhone.Deploy.0 = Release|Any CPU
		{E47BF937-935A-4659-853B-27A2FD4400C1}.Ad-Hoc|iPhoneSimulator.ActiveCfg = Release|Any CPU
		{E47BF937-935A-4659-853B-27A2FD4400C1}.Ad-Hoc|iPhoneSimulator.Build.0 = Release|Any CPU
		{E47BF937-935A-4659-853B-27A2FD4400C1}.Ad-Hoc|iPhoneSimulator.Deploy.0 = Release|Any CPU
		{E47BF937-935A-4659-853B-27A2FD4400C1}.Ad-Hoc|x64.ActiveCfg = Release|Any CPU
		{E47BF937-935A-4659-853B-27A2FD4400C1}.Ad-Hoc|x64.Build.0 = Release|Any CPU
		{E47BF937-935A-4659-853B-27A2FD4400C1}.Ad-Hoc|x64.Deploy.0 = Release|Any CPU
		{E47BF937-935A-4659-853B-27A2FD4400C1}.Ad-Hoc|x86.ActiveCfg = Release|Any CPU
		{E47BF937-935A-4659-853B-27A2FD4400C1}.Ad-Hoc|x86.Build.0 = Release|Any CPU
		{E47BF937-935A-4659-853B-27A2FD4400C1}.Ad-Hoc|x86.Deploy.0 = Release|Any CPU
		{E47BF937-935A-4659-853B-27A2FD4400C1}.AppStore|Any CPU.ActiveCfg = Release|Any CPU
		{E47BF937-935A-4659-853B-27A2FD4400C1}.AppStore|Any CPU.Build.0 = Release|Any CPU
		{E47BF937-935A-4659-853B-27A2FD4400C1}.AppStore|Any CPU.Deploy.0 = Release|Any CPU
		{E47BF937-935A-4659-853B-27A2FD4400C1}.AppStore|ARM.ActiveCfg = Release|Any CPU
		{E47BF937-935A-4659-853B-27A2FD4400C1}.AppStore|ARM.Build.0 = Release|Any CPU
		{E47BF937-935A-4659-853B-27A2FD4400C1}.AppStore|ARM.Deploy.0 = Release|Any CPU
		{E47BF937-935A-4659-853B-27A2FD4400C1}.AppStore|iPhone.ActiveCfg = Release|Any CPU
		{E47BF937-935A-4659-853B-27A2FD4400C1}.AppStore|iPhone.Build.0 = Release|Any CPU
		{E47BF937-935A-4659-853B-27A2FD4400C1}.AppStore|iPhone.Deploy.0 = Release|Any CPU
		{E47BF937-935A-4659-853B-27A2FD4400C1}.AppStore|iPhoneSimulator.ActiveCfg = Release|Any CPU
		{E47BF937-935A-4659-853B-27A2FD4400C1}.AppStore|iPhoneSimulator.Build.0 = Release|Any CPU
		{E47BF937-935A-4659-853B-27A2FD4400C1}.AppStore|iPhoneSimulator.Deploy.0 = Release|Any CPU
		{E47BF937-935A-4659-853B-27A2FD4400C1}.AppStore|x64.ActiveCfg = Release|Any CPU
		{E47BF937-935A-4659-853B-27A2FD4400C1}.AppStore|x64.Build.0 = Release|Any CPU
		{E47BF937-935A-4659-853B-27A2FD4400C1}.AppStore|x64.Deploy.0 = Release|Any CPU
		{E47BF937-935A-4659-853B-27A2FD4400C1}.AppStore|x86.ActiveCfg = Release|Any CPU
		{E47BF937-935A-4659-853B-27A2FD4400C1}.AppStore|x86.Build.0 = Release|Any CPU
		{E47BF937-935A-4659-853B-27A2FD4400C1}.AppStore|x86.Deploy.0 = Release|Any CPU
		{E47BF937-935A-4659-853B-27A2FD4400C1}.Debug|Any CPU.ActiveCfg = Debug|Any CPU
		{E47BF937-935A-4659-853B-27A2FD4400C1}.Debug|Any CPU.Build.0 = Debug|Any CPU
		{E47BF937-935A-4659-853B-27A2FD4400C1}.Debug|Any CPU.Deploy.0 = Debug|Any CPU
		{E47BF937-935A-4659-853B-27A2FD4400C1}.Debug|ARM.ActiveCfg = Debug|Any CPU
		{E47BF937-935A-4659-853B-27A2FD4400C1}.Debug|ARM.Build.0 = Debug|Any CPU
		{E47BF937-935A-4659-853B-27A2FD4400C1}.Debug|ARM.Deploy.0 = Debug|Any CPU
		{E47BF937-935A-4659-853B-27A2FD4400C1}.Debug|iPhone.ActiveCfg = Debug|Any CPU
		{E47BF937-935A-4659-853B-27A2FD4400C1}.Debug|iPhone.Build.0 = Debug|Any CPU
		{E47BF937-935A-4659-853B-27A2FD4400C1}.Debug|iPhone.Deploy.0 = Debug|Any CPU
		{E47BF937-935A-4659-853B-27A2FD4400C1}.Debug|iPhoneSimulator.ActiveCfg = Debug|Any CPU
		{E47BF937-935A-4659-853B-27A2FD4400C1}.Debug|iPhoneSimulator.Build.0 = Debug|Any CPU
		{E47BF937-935A-4659-853B-27A2FD4400C1}.Debug|iPhoneSimulator.Deploy.0 = Debug|Any CPU
		{E47BF937-935A-4659-853B-27A2FD4400C1}.Debug|x64.ActiveCfg = Debug|Any CPU
		{E47BF937-935A-4659-853B-27A2FD4400C1}.Debug|x64.Build.0 = Debug|Any CPU
		{E47BF937-935A-4659-853B-27A2FD4400C1}.Debug|x64.Deploy.0 = Debug|Any CPU
		{E47BF937-935A-4659-853B-27A2FD4400C1}.Debug|x86.ActiveCfg = Debug|Any CPU
		{E47BF937-935A-4659-853B-27A2FD4400C1}.Debug|x86.Build.0 = Debug|Any CPU
		{E47BF937-935A-4659-853B-27A2FD4400C1}.Debug|x86.Deploy.0 = Debug|Any CPU
		{E47BF937-935A-4659-853B-27A2FD4400C1}.Release|Any CPU.ActiveCfg = Release|Any CPU
		{E47BF937-935A-4659-853B-27A2FD4400C1}.Release|Any CPU.Build.0 = Release|Any CPU
		{E47BF937-935A-4659-853B-27A2FD4400C1}.Release|Any CPU.Deploy.0 = Release|Any CPU
		{E47BF937-935A-4659-853B-27A2FD4400C1}.Release|ARM.ActiveCfg = Release|Any CPU
		{E47BF937-935A-4659-853B-27A2FD4400C1}.Release|ARM.Build.0 = Release|Any CPU
		{E47BF937-935A-4659-853B-27A2FD4400C1}.Release|ARM.Deploy.0 = Release|Any CPU
		{E47BF937-935A-4659-853B-27A2FD4400C1}.Release|iPhone.ActiveCfg = Release|Any CPU
		{E47BF937-935A-4659-853B-27A2FD4400C1}.Release|iPhone.Build.0 = Release|Any CPU
		{E47BF937-935A-4659-853B-27A2FD4400C1}.Release|iPhone.Deploy.0 = Release|Any CPU
		{E47BF937-935A-4659-853B-27A2FD4400C1}.Release|iPhoneSimulator.ActiveCfg = Release|Any CPU
		{E47BF937-935A-4659-853B-27A2FD4400C1}.Release|iPhoneSimulator.Build.0 = Release|Any CPU
		{E47BF937-935A-4659-853B-27A2FD4400C1}.Release|iPhoneSimulator.Deploy.0 = Release|Any CPU
		{E47BF937-935A-4659-853B-27A2FD4400C1}.Release|x64.ActiveCfg = Release|Any CPU
		{E47BF937-935A-4659-853B-27A2FD4400C1}.Release|x64.Build.0 = Release|Any CPU
		{E47BF937-935A-4659-853B-27A2FD4400C1}.Release|x64.Deploy.0 = Release|Any CPU
		{E47BF937-935A-4659-853B-27A2FD4400C1}.Release|x86.ActiveCfg = Release|Any CPU
		{E47BF937-935A-4659-853B-27A2FD4400C1}.Release|x86.Build.0 = Release|Any CPU
		{E47BF937-935A-4659-853B-27A2FD4400C1}.Release|x86.Deploy.0 = Release|Any CPU
		{6C806ED1-83DC-4B1B-B11F-F4CA987F4618}.Ad-Hoc|Any CPU.ActiveCfg = Release|x64
		{6C806ED1-83DC-4B1B-B11F-F4CA987F4618}.Ad-Hoc|Any CPU.Build.0 = Release|x64
		{6C806ED1-83DC-4B1B-B11F-F4CA987F4618}.Ad-Hoc|Any CPU.Deploy.0 = Release|x64
		{6C806ED1-83DC-4B1B-B11F-F4CA987F4618}.Ad-Hoc|ARM.ActiveCfg = Release|ARM
		{6C806ED1-83DC-4B1B-B11F-F4CA987F4618}.Ad-Hoc|ARM.Build.0 = Release|ARM
		{6C806ED1-83DC-4B1B-B11F-F4CA987F4618}.Ad-Hoc|ARM.Deploy.0 = Release|ARM
		{6C806ED1-83DC-4B1B-B11F-F4CA987F4618}.Ad-Hoc|iPhone.ActiveCfg = Release|x64
		{6C806ED1-83DC-4B1B-B11F-F4CA987F4618}.Ad-Hoc|iPhone.Build.0 = Release|x64
		{6C806ED1-83DC-4B1B-B11F-F4CA987F4618}.Ad-Hoc|iPhone.Deploy.0 = Release|x64
		{6C806ED1-83DC-4B1B-B11F-F4CA987F4618}.Ad-Hoc|iPhoneSimulator.ActiveCfg = Release|x64
		{6C806ED1-83DC-4B1B-B11F-F4CA987F4618}.Ad-Hoc|iPhoneSimulator.Build.0 = Release|x64
		{6C806ED1-83DC-4B1B-B11F-F4CA987F4618}.Ad-Hoc|iPhoneSimulator.Deploy.0 = Release|x64
		{6C806ED1-83DC-4B1B-B11F-F4CA987F4618}.Ad-Hoc|x64.ActiveCfg = Release|x64
		{6C806ED1-83DC-4B1B-B11F-F4CA987F4618}.Ad-Hoc|x64.Build.0 = Release|x64
		{6C806ED1-83DC-4B1B-B11F-F4CA987F4618}.Ad-Hoc|x64.Deploy.0 = Release|x64
		{6C806ED1-83DC-4B1B-B11F-F4CA987F4618}.Ad-Hoc|x86.ActiveCfg = Release|x86
		{6C806ED1-83DC-4B1B-B11F-F4CA987F4618}.Ad-Hoc|x86.Build.0 = Release|x86
		{6C806ED1-83DC-4B1B-B11F-F4CA987F4618}.Ad-Hoc|x86.Deploy.0 = Release|x86
		{6C806ED1-83DC-4B1B-B11F-F4CA987F4618}.AppStore|Any CPU.ActiveCfg = Release|x64
		{6C806ED1-83DC-4B1B-B11F-F4CA987F4618}.AppStore|Any CPU.Build.0 = Release|x64
		{6C806ED1-83DC-4B1B-B11F-F4CA987F4618}.AppStore|Any CPU.Deploy.0 = Release|x64
		{6C806ED1-83DC-4B1B-B11F-F4CA987F4618}.AppStore|ARM.ActiveCfg = Release|ARM
		{6C806ED1-83DC-4B1B-B11F-F4CA987F4618}.AppStore|ARM.Build.0 = Release|ARM
		{6C806ED1-83DC-4B1B-B11F-F4CA987F4618}.AppStore|ARM.Deploy.0 = Release|ARM
		{6C806ED1-83DC-4B1B-B11F-F4CA987F4618}.AppStore|iPhone.ActiveCfg = Release|x64
		{6C806ED1-83DC-4B1B-B11F-F4CA987F4618}.AppStore|iPhone.Build.0 = Release|x64
		{6C806ED1-83DC-4B1B-B11F-F4CA987F4618}.AppStore|iPhone.Deploy.0 = Release|x64
		{6C806ED1-83DC-4B1B-B11F-F4CA987F4618}.AppStore|iPhoneSimulator.ActiveCfg = Release|x64
		{6C806ED1-83DC-4B1B-B11F-F4CA987F4618}.AppStore|iPhoneSimulator.Build.0 = Release|x64
		{6C806ED1-83DC-4B1B-B11F-F4CA987F4618}.AppStore|iPhoneSimulator.Deploy.0 = Release|x64
		{6C806ED1-83DC-4B1B-B11F-F4CA987F4618}.AppStore|x64.ActiveCfg = Release|x64
		{6C806ED1-83DC-4B1B-B11F-F4CA987F4618}.AppStore|x64.Build.0 = Release|x64
		{6C806ED1-83DC-4B1B-B11F-F4CA987F4618}.AppStore|x64.Deploy.0 = Release|x64
		{6C806ED1-83DC-4B1B-B11F-F4CA987F4618}.AppStore|x86.ActiveCfg = Release|x86
		{6C806ED1-83DC-4B1B-B11F-F4CA987F4618}.AppStore|x86.Build.0 = Release|x86
		{6C806ED1-83DC-4B1B-B11F-F4CA987F4618}.AppStore|x86.Deploy.0 = Release|x86
		{6C806ED1-83DC-4B1B-B11F-F4CA987F4618}.Debug|Any CPU.ActiveCfg = Debug|x86
		{6C806ED1-83DC-4B1B-B11F-F4CA987F4618}.Debug|Any CPU.Build.0 = Debug|x86
		{6C806ED1-83DC-4B1B-B11F-F4CA987F4618}.Debug|Any CPU.Deploy.0 = Debug|x86
		{6C806ED1-83DC-4B1B-B11F-F4CA987F4618}.Debug|ARM.ActiveCfg = Debug|ARM
		{6C806ED1-83DC-4B1B-B11F-F4CA987F4618}.Debug|ARM.Build.0 = Debug|ARM
		{6C806ED1-83DC-4B1B-B11F-F4CA987F4618}.Debug|ARM.Deploy.0 = Debug|ARM
		{6C806ED1-83DC-4B1B-B11F-F4CA987F4618}.Debug|iPhone.ActiveCfg = Debug|x86
		{6C806ED1-83DC-4B1B-B11F-F4CA987F4618}.Debug|iPhoneSimulator.ActiveCfg = Debug|x86
		{6C806ED1-83DC-4B1B-B11F-F4CA987F4618}.Debug|x64.ActiveCfg = Debug|x64
		{6C806ED1-83DC-4B1B-B11F-F4CA987F4618}.Debug|x64.Build.0 = Debug|x64
		{6C806ED1-83DC-4B1B-B11F-F4CA987F4618}.Debug|x64.Deploy.0 = Debug|x64
		{6C806ED1-83DC-4B1B-B11F-F4CA987F4618}.Debug|x86.ActiveCfg = Debug|x86
		{6C806ED1-83DC-4B1B-B11F-F4CA987F4618}.Debug|x86.Build.0 = Debug|x86
		{6C806ED1-83DC-4B1B-B11F-F4CA987F4618}.Debug|x86.Deploy.0 = Debug|x86
		{6C806ED1-83DC-4B1B-B11F-F4CA987F4618}.Release|Any CPU.ActiveCfg = Release|x86
		{6C806ED1-83DC-4B1B-B11F-F4CA987F4618}.Release|ARM.ActiveCfg = Release|ARM
		{6C806ED1-83DC-4B1B-B11F-F4CA987F4618}.Release|ARM.Build.0 = Release|ARM
		{6C806ED1-83DC-4B1B-B11F-F4CA987F4618}.Release|ARM.Deploy.0 = Release|ARM
		{6C806ED1-83DC-4B1B-B11F-F4CA987F4618}.Release|iPhone.ActiveCfg = Release|x86
		{6C806ED1-83DC-4B1B-B11F-F4CA987F4618}.Release|iPhoneSimulator.ActiveCfg = Release|x86
		{6C806ED1-83DC-4B1B-B11F-F4CA987F4618}.Release|x64.ActiveCfg = Release|x64
		{6C806ED1-83DC-4B1B-B11F-F4CA987F4618}.Release|x64.Build.0 = Release|x64
		{6C806ED1-83DC-4B1B-B11F-F4CA987F4618}.Release|x64.Deploy.0 = Release|x64
		{6C806ED1-83DC-4B1B-B11F-F4CA987F4618}.Release|x86.ActiveCfg = Release|x86
		{6C806ED1-83DC-4B1B-B11F-F4CA987F4618}.Release|x86.Build.0 = Release|x86
		{6C806ED1-83DC-4B1B-B11F-F4CA987F4618}.Release|x86.Deploy.0 = Release|x86
		{14438B30-46E4-4AA4-B9F6-1B0368FEDDD2}.Ad-Hoc|Any CPU.ActiveCfg = Release|Any CPU
		{14438B30-46E4-4AA4-B9F6-1B0368FEDDD2}.Ad-Hoc|Any CPU.Build.0 = Release|Any CPU
		{14438B30-46E4-4AA4-B9F6-1B0368FEDDD2}.Ad-Hoc|ARM.ActiveCfg = Release|Any CPU
		{14438B30-46E4-4AA4-B9F6-1B0368FEDDD2}.Ad-Hoc|ARM.Build.0 = Release|Any CPU
		{14438B30-46E4-4AA4-B9F6-1B0368FEDDD2}.Ad-Hoc|iPhone.ActiveCfg = Release|Any CPU
		{14438B30-46E4-4AA4-B9F6-1B0368FEDDD2}.Ad-Hoc|iPhone.Build.0 = Release|Any CPU
		{14438B30-46E4-4AA4-B9F6-1B0368FEDDD2}.Ad-Hoc|iPhoneSimulator.ActiveCfg = Release|Any CPU
		{14438B30-46E4-4AA4-B9F6-1B0368FEDDD2}.Ad-Hoc|iPhoneSimulator.Build.0 = Release|Any CPU
		{14438B30-46E4-4AA4-B9F6-1B0368FEDDD2}.Ad-Hoc|x64.ActiveCfg = Release|Any CPU
		{14438B30-46E4-4AA4-B9F6-1B0368FEDDD2}.Ad-Hoc|x64.Build.0 = Release|Any CPU
		{14438B30-46E4-4AA4-B9F6-1B0368FEDDD2}.Ad-Hoc|x86.ActiveCfg = Release|Any CPU
		{14438B30-46E4-4AA4-B9F6-1B0368FEDDD2}.Ad-Hoc|x86.Build.0 = Release|Any CPU
		{14438B30-46E4-4AA4-B9F6-1B0368FEDDD2}.AppStore|Any CPU.ActiveCfg = Release|Any CPU
		{14438B30-46E4-4AA4-B9F6-1B0368FEDDD2}.AppStore|Any CPU.Build.0 = Release|Any CPU
		{14438B30-46E4-4AA4-B9F6-1B0368FEDDD2}.AppStore|ARM.ActiveCfg = Release|Any CPU
		{14438B30-46E4-4AA4-B9F6-1B0368FEDDD2}.AppStore|ARM.Build.0 = Release|Any CPU
		{14438B30-46E4-4AA4-B9F6-1B0368FEDDD2}.AppStore|iPhone.ActiveCfg = Release|Any CPU
		{14438B30-46E4-4AA4-B9F6-1B0368FEDDD2}.AppStore|iPhone.Build.0 = Release|Any CPU
		{14438B30-46E4-4AA4-B9F6-1B0368FEDDD2}.AppStore|iPhoneSimulator.ActiveCfg = Release|Any CPU
		{14438B30-46E4-4AA4-B9F6-1B0368FEDDD2}.AppStore|iPhoneSimulator.Build.0 = Release|Any CPU
		{14438B30-46E4-4AA4-B9F6-1B0368FEDDD2}.AppStore|x64.ActiveCfg = Release|Any CPU
		{14438B30-46E4-4AA4-B9F6-1B0368FEDDD2}.AppStore|x64.Build.0 = Release|Any CPU
		{14438B30-46E4-4AA4-B9F6-1B0368FEDDD2}.AppStore|x86.ActiveCfg = Release|Any CPU
		{14438B30-46E4-4AA4-B9F6-1B0368FEDDD2}.AppStore|x86.Build.0 = Release|Any CPU
		{14438B30-46E4-4AA4-B9F6-1B0368FEDDD2}.Debug|Any CPU.ActiveCfg = Debug|Any CPU
		{14438B30-46E4-4AA4-B9F6-1B0368FEDDD2}.Debug|Any CPU.Build.0 = Debug|Any CPU
		{14438B30-46E4-4AA4-B9F6-1B0368FEDDD2}.Debug|ARM.ActiveCfg = Debug|Any CPU
		{14438B30-46E4-4AA4-B9F6-1B0368FEDDD2}.Debug|ARM.Build.0 = Debug|Any CPU
		{14438B30-46E4-4AA4-B9F6-1B0368FEDDD2}.Debug|iPhone.ActiveCfg = Debug|Any CPU
		{14438B30-46E4-4AA4-B9F6-1B0368FEDDD2}.Debug|iPhone.Build.0 = Debug|Any CPU
		{14438B30-46E4-4AA4-B9F6-1B0368FEDDD2}.Debug|iPhoneSimulator.ActiveCfg = Debug|Any CPU
		{14438B30-46E4-4AA4-B9F6-1B0368FEDDD2}.Debug|iPhoneSimulator.Build.0 = Debug|Any CPU
		{14438B30-46E4-4AA4-B9F6-1B0368FEDDD2}.Debug|x64.ActiveCfg = Debug|Any CPU
		{14438B30-46E4-4AA4-B9F6-1B0368FEDDD2}.Debug|x64.Build.0 = Debug|Any CPU
		{14438B30-46E4-4AA4-B9F6-1B0368FEDDD2}.Debug|x86.ActiveCfg = Debug|Any CPU
		{14438B30-46E4-4AA4-B9F6-1B0368FEDDD2}.Debug|x86.Build.0 = Debug|Any CPU
		{14438B30-46E4-4AA4-B9F6-1B0368FEDDD2}.Release|Any CPU.ActiveCfg = Release|Any CPU
		{14438B30-46E4-4AA4-B9F6-1B0368FEDDD2}.Release|Any CPU.Build.0 = Release|Any CPU
		{14438B30-46E4-4AA4-B9F6-1B0368FEDDD2}.Release|ARM.ActiveCfg = Release|Any CPU
		{14438B30-46E4-4AA4-B9F6-1B0368FEDDD2}.Release|ARM.Build.0 = Release|Any CPU
		{14438B30-46E4-4AA4-B9F6-1B0368FEDDD2}.Release|iPhone.ActiveCfg = Release|Any CPU
		{14438B30-46E4-4AA4-B9F6-1B0368FEDDD2}.Release|iPhone.Build.0 = Release|Any CPU
		{14438B30-46E4-4AA4-B9F6-1B0368FEDDD2}.Release|iPhoneSimulator.ActiveCfg = Release|Any CPU
		{14438B30-46E4-4AA4-B9F6-1B0368FEDDD2}.Release|iPhoneSimulator.Build.0 = Release|Any CPU
		{14438B30-46E4-4AA4-B9F6-1B0368FEDDD2}.Release|x64.ActiveCfg = Release|Any CPU
		{14438B30-46E4-4AA4-B9F6-1B0368FEDDD2}.Release|x64.Build.0 = Release|Any CPU
		{14438B30-46E4-4AA4-B9F6-1B0368FEDDD2}.Release|x86.ActiveCfg = Release|Any CPU
		{14438B30-46E4-4AA4-B9F6-1B0368FEDDD2}.Release|x86.Build.0 = Release|Any CPU
	EndGlobalSection
	GlobalSection(SolutionProperties) = preSolution
		HideSolutionNode = FALSE
	EndGlobalSection
	GlobalSection(ExtensibilityGlobals) = postSolution
		SolutionGuid = {AC28B1CE-4B35-4636-9A50-3FDB101B889A}
	EndGlobalSection
EndGlobal
